
Microsoft Visual Studio Solution File, Format Version 12.00
# Visual Studio 15
VisualStudioVersion = 15.0.28307.106
MinimumVisualStudioVersion = 10.0.40219.1
Project("{FAE04EC0-301F-11D3-BF4B-00C04F79EFBC}") = "Project1.WebUi", "Project1.WebUi\Project1.WebUi.csproj", "{F3EE03B6-AEB8-4072-9914-6989044DB5FC}"
EndProject
Project("{9A19103F-16F7-4668-BE54-9A1E7A4F7556}") = "Project1.DataAccess", "..\Project0\DataAccess\Project1.DataAccess.csproj", "{F00DEB58-1180-45B3-AC87-CA9A7728C8FA}"
EndProject
Project("{9A19103F-16F7-4668-BE54-9A1E7A4F7556}") = "Project0.Library", "..\Project0\Project0.Library\Project0.Library.csproj", "{3545B43D-410A-4745-A573-8021EA814BD9}"
EndProject
Project("{9A19103F-16F7-4668-BE54-9A1E7A4F7556}") = "Project1.Tests", "Project1.Tests\Project1.Tests.csproj", "{C5408AF2-D125-466C-9F4B-D0F5B85A0828}"
EndProject
Global
	GlobalSection(SolutionConfigurationPlatforms) = preSolution
		Debug|Any CPU = Debug|Any CPU
		Release|Any CPU = Release|Any CPU
	EndGlobalSection
	GlobalSection(ProjectConfigurationPlatforms) = postSolution
		{F3EE03B6-AEB8-4072-9914-6989044DB5FC}.Debug|Any CPU.ActiveCfg = Debug|Any CPU
		{F3EE03B6-AEB8-4072-9914-6989044DB5FC}.Debug|Any CPU.Build.0 = Debug|Any CPU
		{F3EE03B6-AEB8-4072-9914-6989044DB5FC}.Release|Any CPU.ActiveCfg = Release|Any CPU
		{F3EE03B6-AEB8-4072-9914-6989044DB5FC}.Release|Any CPU.Build.0 = Release|Any CPU
		{F00DEB58-1180-45B3-AC87-CA9A7728C8FA}.Debug|Any CPU.ActiveCfg = Debug|Any CPU
		{F00DEB58-1180-45B3-AC87-CA9A7728C8FA}.Debug|Any CPU.Build.0 = Debug|Any CPU
		{F00DEB58-1180-45B3-AC87-CA9A7728C8FA}.Release|Any CPU.ActiveCfg = Release|Any CPU
		{F00DEB58-1180-45B3-AC87-CA9A7728C8FA}.Release|Any CPU.Build.0 = Release|Any CPU
		{3545B43D-410A-4745-A573-8021EA814BD9}.Debug|Any CPU.ActiveCfg = Debug|Any CPU
		{3545B43D-410A-4745-A573-8021EA814BD9}.Debug|Any CPU.Build.0 = Debug|Any CPU
		{3545B43D-410A-4745-A573-8021EA814BD9}.Release|Any CPU.ActiveCfg = Release|Any CPU
		{3545B43D-410A-4745-A573-8021EA814BD9}.Release|Any CPU.Build.0 = Release|Any CPU
		{C5408AF2-D125-466C-9F4B-D0F5B85A0828}.Debug|Any CPU.ActiveCfg = Debug|Any CPU
		{C5408AF2-D125-466C-9F4B-D0F5B85A0828}.Debug|Any CPU.Build.0 = Debug|Any CPU
		{C5408AF2-D125-466C-9F4B-D0F5B85A0828}.Release|Any CPU.ActiveCfg = Release|Any CPU
		{C5408AF2-D125-466C-9F4B-D0F5B85A0828}.Release|Any CPU.Build.0 = Release|Any CPU
	EndGlobalSection
	GlobalSection(SolutionProperties) = preSolution
		HideSolutionNode = FALSE
	EndGlobalSection
	GlobalSection(ExtensibilityGlobals) = postSolution
		SolutionGuid = {F11B7325-71FE-405F-83D1-812B45337FB4}
	EndGlobalSection
EndGlobal
